
Microsoft Visual Studio Solution File, Format Version 12.00
# Visual Studio Version 17
VisualStudioVersion = 17.5.33530.505
MinimumVisualStudioVersion = 10.0.40219.1
Project("{FAE04EC0-301F-11D3-BF4B-00C04F79EFBC}") = "Shapes", "Shapes\Shapes.csproj", "{D5269483-1DD5-48FC-86AD-9524814E69CA}"
EndProject
Global
	GlobalSection(SolutionConfigurationPlatforms) = preSolution
		Debug|Any CPU = Debug|Any CPU
		Release|Any CPU = Release|Any CPU
	EndGlobalSection
	GlobalSection(ProjectConfigurationPlatforms) = postSolution
		{D5269483-1DD5-48FC-86AD-9524814E69CA}.Debug|Any CPU.ActiveCfg = Debug|Any CPU
		{D5269483-1DD5-48FC-86AD-9524814E69CA}.Debug|Any CPU.Build.0 = Debug|Any CPU
		{D5269483-1DD5-48FC-86AD-9524814E69CA}.Release|Any CPU.ActiveCfg = Release|Any CPU
		{D5269483-1DD5-48FC-86AD-9524814E69CA}.Release|Any CPU.Build.0 = Release|Any CPU
	EndGlobalSection
	GlobalSection(SolutionProperties) = preSolution
		HideSolutionNode = FALSE
	EndGlobalSection
	GlobalSection(ExtensibilityGlobals) = postSolution
		SolutionGuid = {86A64EFE-2F7C-4667-8403-A56997F7539D}
	EndGlobalSection
EndGlobal
